PODS:
  - CocoaAsyncSocket (7.4.1)
  - GPUImage (0.1.7)
  - KMCAirStreamer (1.1.0)
  - libksygpulive/base (2.6.1)
  - libksygpulive/libksygpulive (2.6.1):
    - GPUImage
    - libksygpulive/streamerbase
  - libksygpulive/mediacodec (2.6.1)
  - libksygpulive/mediacore_enc_base (2.6.1)
  - libksygpulive/mediacore_enc_lite (2.6.1)
  - libksygpulive/streamerbase (2.6.1):
    - libksygpulive/base
    - libksygpulive/mediacodec
    - libksygpulive/mediacore_enc_base
    - libksygpulive/mediacore_enc_lite
    - libksygpulive/yuv
  - libksygpulive/yuv (2.6.1)

DEPENDENCIES:
  - CocoaAsyncSocket (= 7.4.1)
  - GPUImage
  - KMCAirStreamer (from `../`)
  - libksygpulive/libksygpulive (~> 2.6.1)

EXTERNAL SOURCES:
  KMCAirStreamer:
    :path: ../

SPEC CHECKSUMS:
  CocoaAsyncSocket: 7cbf214b27f8e7f7574db6a3fd96352ffaed433d
  GPUImage: 733a5f0fab92df9de1c37ba9df520a833ccb406d
  KMCAirStreamer: 3fd37e253151b4aea040216bb886ad52b84548dc
  libksygpulive: 15c92558646a120e600828eb4cf51289984f62d9

PODFILE CHECKSUM: c696c41f37bd8aabcac7ed4d9d27fc375f188901

COCOAPODS: 1.2.1
